
Microsoft Visual Studio Solution File, Format Version 12.00
# Visual Studio Version 17
VisualStudioVersion = 17.3.32804.467
MinimumVisualStudioVersion = 10.0.40219.1
Project("{FAE04EC0-301F-11D3-BF4B-00C04F79EFBC}") = "EmptyProject", "EmptyProject\EmptyProject.csproj", "{C112FF01-F483-49DB-A31C-2FF430E4C0D1}"
EndProject
Project("{FAE04EC0-301F-11D3-BF4B-00C04F79EFBC}") = "EmptyProject_WithControls", "EmptyProject_WithControls\EmptyProject_WithControls.csproj", "{763B1F69-6608-4647-98A6-CA08A7CA07AA}"
EndProject
Project("{FAE04EC0-301F-11D3-BF4B-00C04F79EFBC}") = "WF_Events", "WF_Events\WF_Events.csproj", "{4159C987-F1B7-4CF0-879B-F2BE54FB788F}"
EndProject
Project("{FAE04EC0-301F-11D3-BF4B-00C04F79EFBC}") = "WF_LibraryApplication", "WF_LibraryApplication\WF_LibraryApplication.csproj", "{6AC2C91A-A50E-4667-8C22-6B488DB81E58}"
EndProject
Project("{9A19103F-16F7-4668-BE54-9A1E7A4F7556}") = "WPF_FirsApp", "WPF_FirsApp\WPF_FirsApp.csproj", "{C1B5C9C0-06BD-42A0-952B-DE8468A864AF}"
EndProject
Project("{9A19103F-16F7-4668-BE54-9A1E7A4F7556}") = "WPF_12082023", "WPF_12082023\WPF_12082023.csproj", "{235220F5-6881-445B-BA0F-D003365A3272}"
EndProject
Project("{FAE04EC0-301F-11D3-BF4B-00C04F79EFBC}") = "Wpf_3dAniimation", "Wpf_3dAniimation\Wpf_3dAniimation.csproj", "{5C478D5A-6754-465A-9791-B6D9A7B39152}"
EndProject
Global
	GlobalSection(SolutionConfigurationPlatforms) = preSolution
		Debug|Any CPU = Debug|Any CPU
		Release|Any CPU = Release|Any CPU
	EndGlobalSection
	GlobalSection(ProjectConfigurationPlatforms) = postSolution
		{C112FF01-F483-49DB-A31C-2FF430E4C0D1}.Debug|Any CPU.ActiveCfg = Debug|Any CPU
		{C112FF01-F483-49DB-A31C-2FF430E4C0D1}.Debug|Any CPU.Build.0 = Debug|Any CPU
		{C112FF01-F483-49DB-A31C-2FF430E4C0D1}.Release|Any CPU.ActiveCfg = Release|Any CPU
		{C112FF01-F483-49DB-A31C-2FF430E4C0D1}.Release|Any CPU.Build.0 = Release|Any CPU
		{763B1F69-6608-4647-98A6-CA08A7CA07AA}.Debug|Any CPU.ActiveCfg = Debug|Any CPU
		{763B1F69-6608-4647-98A6-CA08A7CA07AA}.Debug|Any CPU.Build.0 = Debug|Any CPU
		{763B1F69-6608-4647-98A6-CA08A7CA07AA}.Release|Any CPU.ActiveCfg = Release|Any CPU
		{763B1F69-6608-4647-98A6-CA08A7CA07AA}.Release|Any CPU.Build.0 = Release|Any CPU
		{4159C987-F1B7-4CF0-879B-F2BE54FB788F}.Debug|Any CPU.ActiveCfg = Debug|Any CPU
		{4159C987-F1B7-4CF0-879B-F2BE54FB788F}.Debug|Any CPU.Build.0 = Debug|Any CPU
		{4159C987-F1B7-4CF0-879B-F2BE54FB788F}.Release|Any CPU.ActiveCfg = Release|Any CPU
		{4159C987-F1B7-4CF0-879B-F2BE54FB788F}.Release|Any CPU.Build.0 = Release|Any CPU
		{6AC2C91A-A50E-4667-8C22-6B488DB81E58}.Debug|Any CPU.ActiveCfg = Debug|Any CPU
		{6AC2C91A-A50E-4667-8C22-6B488DB81E58}.Debug|Any CPU.Build.0 = Debug|Any CPU
		{6AC2C91A-A50E-4667-8C22-6B488DB81E58}.Release|Any CPU.ActiveCfg = Release|Any CPU
		{6AC2C91A-A50E-4667-8C22-6B488DB81E58}.Release|Any CPU.Build.0 = Release|Any CPU
		{C1B5C9C0-06BD-42A0-952B-DE8468A864AF}.Debug|Any CPU.ActiveCfg = Debug|Any CPU
		{C1B5C9C0-06BD-42A0-952B-DE8468A864AF}.Debug|Any CPU.Build.0 = Debug|Any CPU
		{C1B5C9C0-06BD-42A0-952B-DE8468A864AF}.Release|Any CPU.ActiveCfg = Release|Any CPU
		{C1B5C9C0-06BD-42A0-952B-DE8468A864AF}.Release|Any CPU.Build.0 = Release|Any CPU
		{235220F5-6881-445B-BA0F-D003365A3272}.Debug|Any CPU.ActiveCfg = Debug|Any CPU
		{235220F5-6881-445B-BA0F-D003365A3272}.Debug|Any CPU.Build.0 = Debug|Any CPU
		{235220F5-6881-445B-BA0F-D003365A3272}.Release|Any CPU.ActiveCfg = Release|Any CPU
		{235220F5-6881-445B-BA0F-D003365A3272}.Release|Any CPU.Build.0 = Release|Any CPU
		{5C478D5A-6754-465A-9791-B6D9A7B39152}.Debug|Any CPU.ActiveCfg = Debug|Any CPU
		{5C478D5A-6754-465A-9791-B6D9A7B39152}.Debug|Any CPU.Build.0 = Debug|Any CPU
		{5C478D5A-6754-465A-9791-B6D9A7B39152}.Release|Any CPU.ActiveCfg = Release|Any CPU
		{5C478D5A-6754-465A-9791-B6D9A7B39152}.Release|Any CPU.Build.0 = Release|Any CPU
	EndGlobalSection
	GlobalSection(SolutionProperties) = preSolution
		HideSolutionNode = FALSE
	EndGlobalSection
	GlobalSection(ExtensibilityGlobals) = postSolution
		SolutionGuid = {752DD52D-F6A2-485E-A7ED-CEEFFC95128F}
	EndGlobalSection
EndGlobal
